PODS:
  - MBProgressHUD (1.0.0)
  - MJRefresh (3.1.12)

DEPENDENCIES:
  - MBProgressHUD
  - MJRefresh

SPEC CHECKSUMS:
  MBProgressHUD: 4890f671c94e8a0f3cf959aa731e9de2f036d71a
  MJRefresh: b96cdb21c4aa75a7b07654311ab2f315c497e806

PODFILE CHECKSUM: 66fa726de6d40834fbe38aabc4e4f2275bf84a01

COCOAPODS: 1.1.1
