// !$*UTF8*$!
{
	archiveVersion = 1;
	classes = {
	};
	objectVersion = 46;
	objects = {

/* Begin PBXBuildFile section */
		0393FF83BA9E70568430066B /* libPods-Daren_travel.a in Frameworks */ = {isa = PBXBuildFile; fileRef = 97F11848167C53179D935E1D /* libPods-Daren_travel.a */; };
		18B602C31F22EF3900B36123 /* main.m in Sources */ = {isa = PBXBuildFile; fileRef = 18B602C21F22EF3900B36123 /* main.m */; };
		18B602C61F22EF3900B36123 /* AppDelegate.m in Sources */ = {isa = PBXBuildFile; fileRef = 18B602C51F22EF3900B36123 /* AppDelegate.m */; };
		18B602CC1F22EF3900B36123 /* Main.storyboard in Resources */ = {isa = PBXBuildFile; fileRef = 18B602CA1F22EF3900B36123 /* Main.storyboard */; };
		18B602CE1F22EF3900B36123 /* Assets.xcassets in Resources */ = {isa = PBXBuildFile; fileRef = 18B602CD1F22EF3900B36123 /* Assets.xcassets */; };
		18B602D11F22EF3900B36123 /* LaunchScreen.storyboard in Resources */ = {isa = PBXBuildFile; fileRef = 18B602CF1F22EF3900B36123 /* LaunchScreen.storyboard */; };
		18B602DC1F22EF3900B36123 /* Daren_travelTests.m in Sources */ = {isa = PBXBuildFile; fileRef = 18B602DB1F22EF3900B36123 /* Daren_travelTests.m */; };
		18B602E71F22EF3900B36123 /* Daren_travelUITests.m in Sources */ = {isa = PBXBuildFile; fileRef = 18B602E61F22EF3900B36123 /* Daren_travelUITests.m */; };
		18FA84CB1F2377D100EDDA3F /* FirstViewController.m in Sources */ = {isa = PBXBuildFile; fileRef = 18FA84CA1F2377D100EDDA3F /* FirstViewController.m */; };
		18FA84CE1F2377E500EDDA3F /* SeconedViewController.m in Sources */ = {isa = PBXBuildFile; fileRef = 18FA84CD1F2377E500EDDA3F /* SeconedViewController.m */; };
		18FA84D11F2377F500EDDA3F /* ThirdViewController.m in Sources */ = {isa = PBXBuildFile; fileRef = 18FA84D01F2377F500EDDA3F /* ThirdViewController.m */; };
		18FA84D41F23783300EDDA3F /* MainTabBarController.m in Sources */ = {isa = PBXBuildFile; fileRef = 18FA84D31F23783300EDDA3F /* MainTabBarController.m */; };
		18FA84DA1F2378C100EDDA3F /* TabbarButton.m in Sources */ = {isa = PBXBuildFile; fileRef = 18FA84D71F2378C100EDDA3F /* TabbarButton.m */; };
		18FA84DB1F2378C100EDDA3F /* TabbarView.m in Sources */ = {isa = PBXBuildFile; fileRef = 18FA84D91F2378C100EDDA3F /* TabbarView.m */; };
		18FA84DF1F23800600EDDA3F /* StartViewController.m in Sources */ = {isa = PBXBuildFile; fileRef = 18FA84DE1F23800600EDDA3F /* StartViewController.m */; };
		18FA84E21F239F3E00EDDA3F /* background_View.m in Sources */ = {isa = PBXBuildFile; fileRef = 18FA84E11F239F3E00EDDA3F /* background_View.m */; };
		18FA84E61F276F4200EDDA3F /* custom_Btn.m in Sources */ = {isa = PBXBuildFile; fileRef = 18FA84E51F276F4200EDDA3F /* custom_Btn.m */; };
		18FA84EA1F28E42D00EDDA3F /* ScanCodeViewController.m in Sources */ = {isa = PBXBuildFile; fileRef = 18FA84E91F28E42C00EDDA3F /* ScanCodeViewController.m */; };
		18FA84F01F28E44300EDDA3F /* NSString+QRCode.m in Sources */ = {isa = PBXBuildFile; fileRef = 18FA84ED1F28E44300EDDA3F /* NSString+QRCode.m */; };
		18FA84F11F28E44300EDDA3F /* UIImage+Extend.m in Sources */ = {isa = PBXBuildFile; fileRef = 18FA84EF1F28E44300EDDA3F /* UIImage+Extend.m */; };
		18FA84F31F28E47E00EDDA3F /* scancode.caf in Resources */ = {isa = PBXBuildFile; fileRef = 18FA84F21F28E47E00EDDA3F /* scancode.caf */; };
		18FA84F51F28E48C00EDDA3F /* Main.strings in Resources */ = {isa = PBXBuildFile; fileRef = 18FA84F41F28E48C00EDDA3F /* Main.strings */; };
		18FA84F71F28E54100EDDA3F /* Pictures.xcassets in Resources */ = {isa = PBXBuildFile; fileRef = 18FA84F61F28E54100EDDA3F /* Pictures.xcassets */; };
		18FA84FC1F2CAC2100EDDA3F /* MypageCell.m in Sources */ = {isa = PBXBuildFile; fileRef = 18FA84FA1F2CAC2000EDDA3F /* MypageCell.m */; };
		18FA84FD1F2CAC2100EDDA3F /* MypageCell.xib in Resources */ = {isa = PBXBuildFile; fileRef = 18FA84FB1F2CAC2000EDDA3F /* MypageCell.xib */; };
/* End PBXBuildFile section */

/* Begin PBXContainerItemProxy section */
		18B602D81F22EF3900B36123 /* PBXContainerItemProxy */ = {
			isa = PBXContainerItemProxy;
			containerPortal = 18B602B61F22EF3900B36123 /* Project object */;
			proxyType = 1;
			remoteGlobalIDString = 18B602BD1F22EF3900B36123;
			remoteInfo = Daren_travel;
		};
		18B602E31F22EF3900B36123 /* PBXContainerItemProxy */ = {
			isa = PBXContainerItemProxy;
			containerPortal = 18B602B61F22EF3900B36123 /* Project object */;
			proxyType = 1;
			remoteGlobalIDString = 18B602BD1F22EF3900B36123;
			remoteInfo = Daren_travel;
		};
/* End PBXContainerItemProxy section */

/* Begin PBXFileReference section */
		0E54509092385884AE8AF9C4 /* Pods-Daren_travel.release.xcconfig */ = {isa = PBXFileReference; includeInIndex = 1; lastKnownFileType = text.xcconfig; name = "Pods-Daren_travel.release.xcconfig"; path = "Pods/Target Support Files/Pods-Daren_travel/Pods-Daren_travel.release.xcconfig"; sourceTree = "<group>"; };
		18B602BE1F22EF3900B36123 /* Daren_travel.app */ = {isa = PBXFileReference; explicitFileType = wrapper.application; includeInIndex = 0; path = Daren_travel.app; sourceTree = BUILT_PRODUCTS_DIR; };
		18B602C21F22EF3900B36123 /* main.m */ = {isa = PBXFileReference; lastKnownFileType = sourcecode.c.objc; path = main.m; sourceTree = "<group>"; };
		18B602C41F22EF3900B36123 /* AppDelegate.h */ = {isa = PBXFileReference; lastKnownFileType = sourcecode.c.h; path = AppDelegate.h; sourceTree = "<group>"; };
		18B602C51F22EF3900B36123 /* AppDelegate.m */ = {isa = PBXFileReference; lastKnownFileType = sourcecode.c.objc; path = AppDelegate.m; sourceTree = "<group>"; };
		18B602CB1F22EF3900B36123 /* Base */ = {isa = PBXFileReference; lastKnownFileType = file.storyboard; name = Base; path = Base.lproj/Main.storyboard; sourceTree = "<group>"; };
		18B602CD1F22EF3900B36123 /* Assets.xcassets */ = {isa = PBXFileReference; lastKnownFileType = folder.assetcatalog; path = Assets.xcassets; sourceTree = "<group>"; };
		18B602D01F22EF3900B36123 /* Base */ = {isa = PBXFileReference; lastKnownFileType = file.storyboard; name = Base; path = Base.lproj/LaunchScreen.storyboard; sourceTree = "<group>"; };
		18B602D21F22EF3900B36123 /* Info.plist */ = {isa = PBXFileReference; lastKnownFileType = text.plist.xml; path = Info.plist; sourceTree = "<group>"; };
		18B602D71F22EF3900B36123 /* Daren_travelTests.xctest */ = {isa = PBXFileReference; explicitFileType = wrapper.cfbundle; includeInIndex = 0; path = Daren_travelTests.xctest; sourceTree = BUILT_PRODUCTS_DIR; };
		18B602DB1F22EF3900B36123 /* Daren_travelTests.m */ = {isa = PBXFileReference; lastKnownFileType = sourcecode.c.objc; path = Daren_travelTests.m; sourceTree = "<group>"; };
		18B602DD1F22EF3900B36123 /* Info.plist */ = {isa = PBXFileReference; lastKnownFileType = text.plist.xml; path = Info.plist; sourceTree = "<group>"; };
		18B602E21F22EF3900B36123 /* Daren_travelUITests.xctest */ = {isa = PBXFileReference; explicitFileType = wrapper.cfbundle; includeInIndex = 0; path = Daren_travelUITests.xctest; sourceTree = BUILT_PRODUCTS_DIR; };
		18B602E61F22EF3900B36123 /* Daren_travelUITests.m */ = {isa = PBXFileReference; lastKnownFileType = sourcecode.c.objc; path = Daren_travelUITests.m; sourceTree = "<group>"; };
		18B602E81F22EF3900B36123 /* Info.plist */ = {isa = PBXFileReference; lastKnownFileType = text.plist.xml; path = Info.plist; sourceTree = "<group>"; };
		18FA84C51F236C8700EDDA3F /* Header.h */ = {isa = PBXFileReference; fileEncoding = 4; lastKnownFileType = sourcecode.c.h; path = Header.h; sourceTree = SOURCE_ROOT; };
		18FA84C91F2377D100EDDA3F /* FirstViewController.h */ = {isa = PBXFileReference; fileEncoding = 4; lastKnownFileType = sourcecode.c.h; path = FirstViewController.h; sourceTree = "<group>"; };
		18FA84CA1F2377D100EDDA3F /* FirstViewController.m */ = {isa = PBXFileReference; fileEncoding = 4; lastKnownFileType = sourcecode.c.objc; path = FirstViewController.m; sourceTree = "<group>"; };
		18FA84CC1F2377E500EDDA3F /* SeconedViewController.h */ = {isa = PBXFileReference; fileEncoding = 4; lastKnownFileType = sourcecode.c.h; path = SeconedViewController.h; sourceTree = "<group>"; };
		18FA84CD1F2377E500EDDA3F /* SeconedViewController.m */ = {isa = PBXFileReference; fileEncoding = 4; lastKnownFileType = sourcecode.c.objc; path = SeconedViewController.m; sourceTree = "<group>"; };
		18FA84CF1F2377F500EDDA3F /* ThirdViewController.h */ = {isa = PBXFileReference; fileEncoding = 4; lastKnownFileType = sourcecode.c.h; path = ThirdViewController.h; sourceTree = "<group>"; };
		18FA84D01F2377F500EDDA3F /* ThirdViewController.m */ = {isa = PBXFileReference; fileEncoding = 4; lastKnownFileType = sourcecode.c.objc; path = ThirdViewController.m; sourceTree = "<group>"; };
		18FA84D21F23783300EDDA3F /* MainTabBarController.h */ = {isa = PBXFileReference; fileEncoding = 4; lastKnownFileType = sourcecode.c.h; path = MainTabBarController.h; sourceTree = "<group>"; };
		18FA84D31F23783300EDDA3F /* MainTabBarController.m */ = {isa = PBXFileReference; fileEncoding = 4; lastKnownFileType = sourcecode.c.objc; path = MainTabBarController.m; sourceTree = "<group>"; };
		18FA84D61F2378C100EDDA3F /* TabbarButton.h */ = {isa = PBXFileReference; fileEncoding = 4; lastKnownFileType = sourcecode.c.h; path = TabbarButton.h; sourceTree = "<group>"; };
		18FA84D71F2378C100EDDA3F /* TabbarButton.m */ = {isa = PBXFileReference; fileEncoding = 4; lastKnownFileType = sourcecode.c.objc; path = TabbarButton.m; sourceTree = "<group>"; };
		18FA84D81F2378C100EDDA3F /* TabbarView.h */ = {isa = PBXFileReference; fileEncoding = 4; lastKnownFileType = sourcecode.c.h; path = TabbarView.h; sourceTree = "<group>"; };
		18FA84D91F2378C100EDDA3F /* TabbarView.m */ = {isa = PBXFileReference; fileEncoding = 4; lastKnownFileType = sourcecode.c.objc; path = TabbarView.m; sourceTree = "<group>"; };
		18FA84DD1F23800600EDDA3F /* StartViewController.h */ = {isa = PBXFileReference; fileEncoding = 4; lastKnownFileType = sourcecode.c.h; path = StartViewController.h; sourceTree = "<group>"; };
		18FA84DE1F23800600EDDA3F /* StartViewController.m */ = {isa = PBXFileReference; fileEncoding = 4; lastKnownFileType = sourcecode.c.objc; path = StartViewController.m; sourceTree = "<group>"; };
		18FA84E01F239F3E00EDDA3F /* background_View.h */ = {isa = PBXFileReference; fileEncoding = 4; lastKnownFileType = sourcecode.c.h; path = background_View.h; sourceTree = "<group>"; };
		18FA84E11F239F3E00EDDA3F /* background_View.m */ = {isa = PBXFileReference; fileEncoding = 4; lastKnownFileType = sourcecode.c.objc; path = background_View.m; sourceTree = "<group>"; };
		18FA84E41F276F4200EDDA3F /* custom_Btn.h */ = {isa = PBXFileReference; fileEncoding = 4; lastKnownFileType = sourcecode.c.h; path = custom_Btn.h; sourceTree = "<group>"; };
		18FA84E51F276F4200EDDA3F /* custom_Btn.m */ = {isa = PBXFileReference; fileEncoding = 4; lastKnownFileType = sourcecode.c.objc; path = custom_Btn.m; sourceTree = "<group>"; };
		18FA84E81F28E42C00EDDA3F /* ScanCodeViewController.h */ = {isa = PBXFileReference; fileEncoding = 4; lastKnownFileType = sourcecode.c.h; path = ScanCodeViewController.h; sourceTree = "<group>"; };
		18FA84E91F28E42C00EDDA3F /* ScanCodeViewController.m */ = {isa = PBXFileReference; fileEncoding = 4; lastKnownFileType = sourcecode.c.objc; path = ScanCodeViewController.m; sourceTree = "<group>"; };
		18FA84EC1F28E44300EDDA3F /* NSString+QRCode.h */ = {isa = PBXFileReference; fileEncoding = 4; lastKnownFileType = sourcecode.c.h; path = "NSString+QRCode.h"; sourceTree = "<group>"; };
		18FA84ED1F28E44300EDDA3F /* NSString+QRCode.m */ = {isa = PBXFileReference; fileEncoding = 4; lastKnownFileType = sourcecode.c.objc; path = "NSString+QRCode.m"; sourceTree = "<group>"; };
		18FA84EE1F28E44300EDDA3F /* UIImage+Extend.h */ = {isa = PBXFileReference; fileEncoding = 4; lastKnownFileType = sourcecode.c.h; path = "UIImage+Extend.h"; sourceTree = "<group>"; };
		18FA84EF1F28E44300EDDA3F /* UIImage+Extend.m */ = {isa = PBXFileReference; fileEncoding = 4; lastKnownFileType = sourcecode.c.objc; path = "UIImage+Extend.m"; sourceTree = "<group>"; };
		18FA84F21F28E47E00EDDA3F /* scancode.caf */ = {isa = PBXFileReference; lastKnownFileType = file; path = scancode.caf; sourceTree = "<group>"; };
		18FA84F41F28E48C00EDDA3F /* Main.strings */ = {isa = PBXFileReference; fileEncoding = 4; lastKnownFileType = text.plist.strings; path = Main.strings; sourceTree = "<group>"; };
		18FA84F61F28E54100EDDA3F /* Pictures.xcassets */ = {isa = PBXFileReference; lastKnownFileType = folder.assetcatalog; path = Pictures.xcassets; sourceTree = "<group>"; };
		18FA84F91F2CAC2000EDDA3F /* MypageCell.h */ = {isa = PBXFileReference; fileEncoding = 4; lastKnownFileType = sourcecode.c.h; path = MypageCell.h; sourceTree = "<group>"; };
		18FA84FA1F2CAC2000EDDA3F /* MypageCell.m */ = {isa = PBXFileReference; fileEncoding = 4; lastKnownFileType = sourcecode.c.objc; path = MypageCell.m; sourceTree = "<group>"; };
		18FA84FB1F2CAC2000EDDA3F /* MypageCell.xib */ = {isa = PBXFileReference; fileEncoding = 4; lastKnownFileType = file.xib; path = MypageCell.xib; sourceTree = "<group>"; };
		62AFE710E053E9DB90B4CF74 /* Pods-Daren_travel.debug.xcconfig */ = {isa = PBXFileReference; includeInIndex = 1; lastKnownFileType = text.xcconfig; name = "Pods-Daren_travel.debug.xcconfig"; path = "Pods/Target Support Files/Pods-Daren_travel/Pods-Daren_travel.debug.xcconfig"; sourceTree = "<group>"; };
		97F11848167C53179D935E1D /* libPods-Daren_travel.a */ = {isa = PBXFileReference; explicitFileType = archive.ar; includeInIndex = 0; path = "libPods-Daren_travel.a"; sourceTree = BUILT_PRODUCTS_DIR; };
/* End PBXFileReference section */

/* Begin PBXFrameworksBuildPhase section */
		18B602BB1F22EF3900B36123 /* Frameworks */ = {
			isa = PBXFrameworksBuildPhase;
			buildActionMask = 2147483647;
			files = (
				0393FF83BA9E70568430066B /* libPods-Daren_travel.a in Frameworks */,
			);
			runOnlyForDeploymentPostprocessing = 0;
		};
		18B602D41F22EF3900B36123 /* Frameworks */ = {
			isa = PBXFrameworksBuildPhase;
			buildActionMask = 2147483647;
			files = (
			);
			runOnlyForDeploymentPostprocessing = 0;
		};
		18B602DF1F22EF3900B36123 /* Frameworks */ = {
			isa = PBXFrameworksBuildPhase;
			buildActionMask = 2147483647;
			files = (
			);
			runOnlyForDeploymentPostprocessing = 0;
		};
/* End PBXFrameworksBuildPhase section */

/* Begin PBXGroup section */
		18B602B51F22EF3900B36123 = {
			isa = PBXGroup;
			children = (
				18B602C01F22EF3900B36123 /* Daren_travel */,
				18B602DA1F22EF3900B36123 /* Daren_travelTests */,
				18B602E51F22EF3900B36123 /* Daren_travelUITests */,
				18B602BF1F22EF3900B36123 /* Products */,
				91CD9257B508D9ADAAACEB08 /* Pods */,
				D7A0E90FEDFABE6DE0BA6705 /* Frameworks */,
			);
			sourceTree = "<group>";
		};
		18B602BF1F22EF3900B36123 /* Products */ = {
			isa = PBXGroup;
			children = (
				18B602BE1F22EF3900B36123 /* Daren_travel.app */,
				18B602D71F22EF3900B36123 /* Daren_travelTests.xctest */,
				18B602E21F22EF3900B36123 /* Daren_travelUITests.xctest */,
			);
			name = Products;
			sourceTree = "<group>";
		};
		18B602C01F22EF3900B36123 /* Daren_travel */ = {
			isa = PBXGroup;
			children = (
				18FA84DC1F237FEF00EDDA3F /* Start */,
				18FA84D51F2378B200EDDA3F /* view */,
				18FA84C81F23778500EDDA3F /* MyPage */,
				18FA84C71F23773C00EDDA3F /* PerimeterPage */,
				18FA84C61F23772600EDDA3F /* MainPage */,
				18FA84D21F23783300EDDA3F /* MainTabBarController.h */,
				18FA84D31F23783300EDDA3F /* MainTabBarController.m */,
				18B602C11F22EF3900B36123 /* Supporting Files */,
			);
			path = Daren_travel;
			sourceTree = "<group>";
		};
		18B602C11F22EF3900B36123 /* Supporting Files */ = {
			isa = PBXGroup;
			children = (
				18FA84F21F28E47E00EDDA3F /* scancode.caf */,
				18B602C41F22EF3900B36123 /* AppDelegate.h */,
				18B602C51F22EF3900B36123 /* AppDelegate.m */,
				18B602CA1F22EF3900B36123 /* Main.storyboard */,
				18FA84F41F28E48C00EDDA3F /* Main.strings */,
				18B602CD1F22EF3900B36123 /* Assets.xcassets */,
				18FA84F61F28E54100EDDA3F /* Pictures.xcassets */,
				18B602CF1F22EF3900B36123 /* LaunchScreen.storyboard */,
				18B602D21F22EF3900B36123 /* Info.plist */,
				18FA84C51F236C8700EDDA3F /* Header.h */,
				18B602C21F22EF3900B36123 /* main.m */,
			);
			name = "Supporting Files";
			sourceTree = "<group>";
		};
		18B602DA1F22EF3900B36123 /* Daren_travelTests */ = {
			isa = PBXGroup;
			children = (
				18B602DB1F22EF3900B36123 /* Daren_travelTests.m */,
				18B602DD1F22EF3900B36123 /* Info.plist */,
			);
			path = Daren_travelTests;
			sourceTree = "<group>";
		};
		18B602E51F22EF3900B36123 /* Daren_travelUITests */ = {
			isa = PBXGroup;
			children = (
				18B602E61F22EF3900B36123 /* Daren_travelUITests.m */,
				18B602E81F22EF3900B36123 /* Info.plist */,
			);
			path = Daren_travelUITests;
			sourceTree = "<group>";
		};
		18FA84C61F23772600EDDA3F /* MainPage */ = {
			isa = PBXGroup;
			children = (
				18FA84E71F28E40700EDDA3F /* scan */,
				18FA84E31F239F4500EDDA3F /* view */,
				18FA84C91F2377D100EDDA3F /* FirstViewController.h */,
				18FA84CA1F2377D100EDDA3F /* FirstViewController.m */,
			);
			name = MainPage;
			sourceTree = "<group>";
		};
		18FA84C71F23773C00EDDA3F /* PerimeterPage */ = {
			isa = PBXGroup;
			children = (
				18FA84CC1F2377E500EDDA3F /* SeconedViewController.h */,
				18FA84CD1F2377E500EDDA3F /* SeconedViewController.m */,
			);
			name = PerimeterPage;
			sourceTree = "<group>";
		};
		18FA84C81F23778500EDDA3F /* MyPage */ = {
			isa = PBXGroup;
			children = (
				18FA84F81F2CABE900EDDA3F /* view */,
				18FA84CF1F2377F500EDDA3F /* ThirdViewController.h */,
				18FA84D01F2377F500EDDA3F /* ThirdViewController.m */,
			);
			name = MyPage;
			sourceTree = "<group>";
		};
		18FA84D51F2378B200EDDA3F /* view */ = {
			isa = PBXGroup;
			children = (
				18FA84D61F2378C100EDDA3F /* TabbarButton.h */,
				18FA84D71F2378C100EDDA3F /* TabbarButton.m */,
				18FA84D81F2378C100EDDA3F /* TabbarView.h */,
				18FA84D91F2378C100EDDA3F /* TabbarView.m */,
			);
			name = view;
			sourceTree = "<group>";
		};
		18FA84DC1F237FEF00EDDA3F /* Start */ = {
			isa = PBXGroup;
			children = (
				18FA84DD1F23800600EDDA3F /* StartViewController.h */,
				18FA84DE1F23800600EDDA3F /* StartViewController.m */,
			);
			name = Start;
			sourceTree = "<group>";
		};
		18FA84E31F239F4500EDDA3F /* view */ = {
			isa = PBXGroup;
			children = (
				18FA84E01F239F3E00EDDA3F /* background_View.h */,
				18FA84E11F239F3E00EDDA3F /* background_View.m */,
				18FA84E41F276F4200EDDA3F /* custom_Btn.h */,
				18FA84E51F276F4200EDDA3F /* custom_Btn.m */,
			);
			name = view;
			sourceTree = "<group>";
		};
		18FA84E71F28E40700EDDA3F /* scan */ = {
			isa = PBXGroup;
			children = (
				18FA84EB1F28E44300EDDA3F /* ScanCode */,
				18FA84E81F28E42C00EDDA3F /* ScanCodeViewController.h */,
				18FA84E91F28E42C00EDDA3F /* ScanCodeViewController.m */,
			);
			name = scan;
			sourceTree = "<group>";
		};
		18FA84EB1F28E44300EDDA3F /* ScanCode */ = {
			isa = PBXGroup;
			children = (
				18FA84EC1F28E44300EDDA3F /* NSString+QRCode.h */,
				18FA84ED1F28E44300EDDA3F /* NSString+QRCode.m */,
				18FA84EE1F28E44300EDDA3F /* UIImage+Extend.h */,
				18FA84EF1F28E44300EDDA3F /* UIImage+Extend.m */,
			);
			path = ScanCode;
			sourceTree = "<group>";
		};
		18FA84F81F2CABE900EDDA3F /* view */ = {
			isa = PBXGroup;
			children = (
				18FA84F91F2CAC2000EDDA3F /* MypageCell.h */,
				18FA84FA1F2CAC2000EDDA3F /* MypageCell.m */,
				18FA84FB1F2CAC2000EDDA3F /* MypageCell.xib */,
			);
			name = view;
			sourceTree = "<group>";
		};
		91CD9257B508D9ADAAACEB08 /* Pods */ = {
			isa = PBXGroup;
			children = (
				62AFE710E053E9DB90B4CF74 /* Pods-Daren_travel.debug.xcconfig */,
				0E54509092385884AE8AF9C4 /* Pods-Daren_travel.release.xcconfig */,
			);
			name = Pods;
			sourceTree = "<group>";
		};
		D7A0E90FEDFABE6DE0BA6705 /* Frameworks */ = {
			isa = PBXGroup;
			children = (
				97F11848167C53179D935E1D /* libPods-Daren_travel.a */,
			);
			name = Frameworks;
			sourceTree = "<group>";
		};
/* End PBXGroup section */

/* Begin PBXNativeTarget section */
		18B602BD1F22EF3900B36123 /* Daren_travel */ = {
			isa = PBXNativeTarget;
			buildConfigurationList = 18B602EB1F22EF3900B36123 /* Build configuration list for PBXNativeTarget "Daren_travel" */;
			buildPhases = (
				3119953C8DF4486FD97FF1FA /* [CP] Check Pods Manifest.lock */,
				18B602BA1F22EF3900B36123 /* Sources */,
				18B602BB1F22EF3900B36123 /* Frameworks */,
				18B602BC1F22EF3900B36123 /* Resources */,
				7C788A6B2966C4D5D8DEF59C /* [CP] Embed Pods Frameworks */,
				86533355BA596F72A6E7FE9B /* [CP] Copy Pods Resources */,
			);
			buildRules = (
			);
			dependencies = (
			);
			name = Daren_travel;
			productName = Daren_travel;
			productReference = 18B602BE1F22EF3900B36123 /* Daren_travel.app */;
			productType = "com.apple.product-type.application";
		};
		18B602D61F22EF3900B36123 /* Daren_travelTests */ = {
			isa = PBXNativeTarget;
			buildConfigurationList = 18B602EE1F22EF3900B36123 /* Build configuration list for PBXNativeTarget "Daren_travelTests" */;
			buildPhases = (
				18B602D31F22EF3900B36123 /* Sources */,
				18B602D41F22EF3900B36123 /* Frameworks */,
				18B602D51F22EF3900B36123 /* Resources */,
			);
			buildRules = (
			);
			dependencies = (
				18B602D91F22EF3900B36123 /* PBXTargetDependency */,
			);
			name = Daren_travelTests;
			productName = Daren_travelTests;
			productReference = 18B602D71F22EF3900B36123 /* Daren_travelTests.xctest */;
			productType = "com.apple.product-type.bundle.unit-test";
		};
		18B602E11F22EF3900B36123 /* Daren_travelUITests */ = {
			isa = PBXNativeTarget;
			buildConfigurationList = 18B602F11F22EF3900B36123 /* Build configuration list for PBXNativeTarget "Daren_travelUITests" */;
			buildPhases = (
				18B602DE1F22EF3900B36123 /* Sources */,
				18B602DF1F22EF3900B36123 /* Frameworks */,
				18B602E01F22EF3900B36123 /* Resources */,
			);
			buildRules = (
			);
			dependencies = (
				18B602E41F22EF3900B36123 /* PBXTargetDependency */,
			);
			name = Daren_travelUITests;
			productName = Daren_travelUITests;
			productReference = 18B602E21F22EF3900B36123 /* Daren_travelUITests.xctest */;
			productType = "com.apple.product-type.bundle.ui-testing";
		};
/* End PBXNativeTarget section */

/* Begin PBXProject section */
		18B602B61F22EF3900B36123 /* Project object */ = {
			isa = PBXProject;
			attributes = {
				LastUpgradeCheck = 0830;
				ORGANIZATIONNAME = InformationTeam;
				TargetAttributes = {
					18B602BD1F22EF3900B36123 = {
						CreatedOnToolsVersion = 8.3.3;
						DevelopmentTeam = VE6WGW6QF6;
						ProvisioningStyle = Automatic;
					};
					18B602D61F22EF3900B36123 = {
						CreatedOnToolsVersion = 8.3.3;
						ProvisioningStyle = Automatic;
						TestTargetID = 18B602BD1F22EF3900B36123;
					};
					18B602E11F22EF3900B36123 = {
						CreatedOnToolsVersion = 8.3.3;
						ProvisioningStyle = Automatic;
						TestTargetID = 18B602BD1F22EF3900B36123;
					};
				};
			};
			buildConfigurationList = 18B602B91F22EF3900B36123 /* Build configuration list for PBXProject "Daren_travel" */;
			compatibilityVersion = "Xcode 3.2";
			developmentRegion = English;
			hasScannedForEncodings = 0;
			knownRegions = (
				en,
				Base,
			);
			mainGroup = 18B602B51F22EF3900B36123;
			productRefGroup = 18B602BF1F22EF3900B36123 /* Products */;
			projectDirPath = "";
			projectRoot = "";
			targets = (
				18B602BD1F22EF3900B36123 /* Daren_travel */,
				18B602D61F22EF3900B36123 /* Daren_travelTests */,
				18B602E11F22EF3900B36123 /* Daren_travelUITests */,
			);
		};
/* End PBXProject section */

/* Begin PBXResourcesBuildPhase section */
		18B602BC1F22EF3900B36123 /* Resources */ = {
			isa = PBXResourcesBuildPhase;
			buildActionMask = 2147483647;
			files = (
				18FA84FD1F2CAC2100EDDA3F /* MypageCell.xib in Resources */,
				18FA84F31F28E47E00EDDA3F /* scancode.caf in Resources */,
				18B602D11F22EF3900B36123 /* LaunchScreen.storyboard in Resources */,
				18FA84F71F28E54100EDDA3F /* Pictures.xcassets in Resources */,
				18B602CE1F22EF3900B36123 /* Assets.xcassets in Resources */,
				18B602CC1F22EF3900B36123 /* Main.storyboard in Resources */,
				18FA84F51F28E48C00EDDA3F /* Main.strings in Resources */,
			);
			runOnlyForDeploymentPostprocessing = 0;
		};
		18B602D51F22EF3900B36123 /* Resources */ = {
			isa = PBXResourcesBuildPhase;
			buildActionMask = 2147483647;
			files = (
			);
			runOnlyForDeploymentPostprocessing = 0;
		};
		18B602E01F22EF3900B36123 /* Resources */ = {
			isa = PBXResourcesBuildPhase;
			buildActionMask = 2147483647;
			files = (
			);
			runOnlyForDeploymentPostprocessing = 0;
		};
/* End PBXResourcesBuildPhase section */

/* Begin PBXShellScriptBuildPhase section */
		3119953C8DF4486FD97FF1FA /* [CP] Check Pods Manifest.lock */ = {
			isa = PBXShellScriptBuildPhase;
			buildActionMask = 2147483647;
			files = (
			);
			inputPaths = (
			);
			name = "[CP] Check Pods Manifest.lock";
			outputPaths = (
			);
			runOnlyForDeploymentPostprocessing = 0;
			shellPath = /bin/sh;
			shellScript = "diff \"${PODS_ROOT}/../Podfile.lock\" \"${PODS_ROOT}/Manifest.lock\" > /dev/null\nif [ $? != 0 ] ; then\n    # print error to STDERR\n    echo \"error: The sandbox is not in sync with the Podfile.lock. Run 'pod install' or update your CocoaPods installation.\" >&2\n    exit 1\nfi\n";
			showEnvVarsInLog = 0;
		};
		7C788A6B2966C4D5D8DEF59C /* [CP] Embed Pods Frameworks */ = {
			isa = PBXShellScriptBuildPhase;
			buildActionMask = 2147483647;
			files = (
			);
			inputPaths = (
			);
			name = "[CP] Embed Pods Frameworks";
			outputPaths = (
			);
			runOnlyForDeploymentPostprocessing = 0;
			shellPath = /bin/sh;
			shellScript = "\"${SRCROOT}/Pods/Target Support Files/Pods-Daren_travel/Pods-Daren_travel-frameworks.sh\"\n";
			showEnvVarsInLog = 0;
		};
		86533355BA596F72A6E7FE9B /* [CP] Copy Pods Resources */ = {
			isa = PBXShellScriptBuildPhase;
			buildActionMask = 2147483647;
			files = (
			);
			inputPaths = (
			);
			name = "[CP] Copy Pods Resources";
			outputPaths = (
			);
			runOnlyForDeploymentPostprocessing = 0;
			shellPath = /bin/sh;
			shellScript = "\"${SRCROOT}/Pods/Target Support Files/Pods-Daren_travel/Pods-Daren_travel-resources.sh\"\n";
			showEnvVarsInLog = 0;
		};
/* End PBXShellScriptBuildPhase section */

/* Begin PBXSourcesBuildPhase section */
		18B602BA1F22EF3900B36123 /* Sources */ = {
			isa = PBXSourcesBuildPhase;
			buildActionMask = 2147483647;
			files = (
				18FA84E21F239F3E00EDDA3F /* background_View.m in Sources */,
				18FA84DA1F2378C100EDDA3F /* TabbarButton.m in Sources */,
				18FA84EA1F28E42D00EDDA3F /* ScanCodeViewController.m in Sources */,
				18FA84D41F23783300EDDA3F /* MainTabBarController.m in Sources */,
				18FA84F01F28E44300EDDA3F /* NSString+QRCode.m in Sources */,
				18FA84DB1F2378C100EDDA3F /* TabbarView.m in Sources */,
				18FA84E61F276F4200EDDA3F /* custom_Btn.m in Sources */,
				18FA84FC1F2CAC2100EDDA3F /* MypageCell.m in Sources */,
				18B602C61F22EF3900B36123 /* AppDelegate.m in Sources */,
				18FA84D11F2377F500EDDA3F /* ThirdViewController.m in Sources */,
				18FA84F11F28E44300EDDA3F /* UIImage+Extend.m in Sources */,
				18B602C31F22EF3900B36123 /* main.m in Sources */,
				18FA84DF1F23800600EDDA3F /* StartViewController.m in Sources */,
				18FA84CE1F2377E500EDDA3F /* SeconedViewController.m in Sources */,
				18FA84CB1F2377D100EDDA3F /* FirstViewController.m in Sources */,
			);
			runOnlyForDeploymentPostprocessing = 0;
		};
		18B602D31F22EF3900B36123 /* Sources */ = {
			isa = PBXSourcesBuildPhase;
			buildActionMask = 2147483647;
			files = (
				18B602DC1F22EF3900B36123 /* Daren_travelTests.m in Sources */,
			);
			runOnlyForDeploymentPostprocessing = 0;
		};
		18B602DE1F22EF3900B36123 /* Sources */ = {
			isa = PBXSourcesBuildPhase;
			buildActionMask = 2147483647;
			files = (
				18B602E71F22EF3900B36123 /* Daren_travelUITests.m in Sources */,
			);
			runOnlyForDeploymentPostprocessing = 0;
		};
/* End PBXSourcesBuildPhase section */

/* Begin PBXTargetDependency section */
		18B602D91F22EF3900B36123 /* PBXTargetDependency */ = {
			isa = PBXTargetDependency;
			target = 18B602BD1F22EF3900B36123 /* Daren_travel */;
			targetProxy = 18B602D81F22EF3900B36123 /* PBXContainerItemProxy */;
		};
		18B602E41F22EF3900B36123 /* PBXTargetDependency */ = {
			isa = PBXTargetDependency;
			target = 18B602BD1F22EF3900B36123 /* Daren_travel */;
			targetProxy = 18B602E31F22EF3900B36123 /* PBXContainerItemProxy */;
		};
/* End PBXTargetDependency section */

/* Begin PBXVariantGroup section */
		18B602CA1F22EF3900B36123 /* Main.storyboard */ = {
			isa = PBXVariantGroup;
			children = (
				18B602CB1F22EF3900B36123 /* Base */,
			);
			name = Main.storyboard;
			sourceTree = "<group>";
		};
		18B602CF1F22EF3900B36123 /* LaunchScreen.storyboard */ = {
			isa = PBXVariantGroup;
			children = (
				18B602D01F22EF3900B36123 /* Base */,
			);
			name = LaunchScreen.storyboard;
			sourceTree = "<group>";
		};
/* End PBXVariantGroup section */

/* Begin XCBuildConfiguration section */
		18B602E91F22EF3900B36123 /* Debug */ = {
			isa = XCBuildConfiguration;
			buildSettings = {
				ALWAYS_SEARCH_USER_PATHS = NO;
				CLANG_ANALYZER_NONNULL = YES;
				CLANG_ANALYZER_NUMBER_OBJECT_CONVERSION = YES_AGGRESSIVE;
				CLANG_CXX_LANGUAGE_STANDARD = "gnu++0x";
				CLANG_CXX_LIBRARY = "libc++";
				CLANG_ENABLE_MODULES = YES;
				CLANG_ENABLE_OBJC_ARC = YES;
				CLANG_WARN_BOOL_CONVERSION = YES;
				CLANG_WARN_CONSTANT_CONVERSION = YES;
				CLANG_WARN_DIRECT_OBJC_ISA_USAGE = YES_ERROR;
				CLANG_WARN_DOCUMENTATION_COMMENTS = YES;
				CLANG_WARN_EMPTY_BODY = YES;
				CLANG_WARN_ENUM_CONVERSION = YES;
				CLANG_WARN_INFINITE_RECURSION = YES;
				CLANG_WARN_INT_CONVERSION = YES;
				CLANG_WARN_OBJC_ROOT_CLASS = YES_ERROR;
				CLANG_WARN_SUSPICIOUS_MOVE = YES;
				CLANG_WARN_UNREACHABLE_CODE = YES;
				CLANG_WARN__DUPLICATE_METHOD_MATCH = YES;
				"CODE_SIGN_IDENTITY[sdk=iphoneos*]" = "iPhone Developer";
				COPY_PHASE_STRIP = NO;
				DEBUG_INFORMATION_FORMAT = dwarf;
				ENABLE_STRICT_OBJC_MSGSEND = YES;
				ENABLE_TESTABILITY = YES;
				GCC_C_LANGUAGE_STANDARD = gnu99;
				GCC_DYNAMIC_NO_PIC = NO;
				GCC_NO_COMMON_BLOCKS = YES;
				GCC_OPTIMIZATION_LEVEL = 0;
				GCC_PREPROCESSOR_DEFINITIONS = (
					"DEBUG=1",
					"$(inherited)",
				);
				GCC_WARN_64_TO_32_BIT_CONVERSION = YES;
				GCC_WARN_ABOUT_RETURN_TYPE = YES_ERROR;
				GCC_WARN_UNDECLARED_SELECTOR = YES;
				GCC_WARN_UNINITIALIZED_AUTOS = YES_AGGRESSIVE;
				GCC_WARN_UNUSED_FUNCTION = YES;
				GCC_WARN_UNUSED_VARIABLE = YES;
				IPHONEOS_DEPLOYMENT_TARGET = 10.3;
				MTL_ENABLE_DEBUG_INFO = YES;
				ONLY_ACTIVE_ARCH = YES;
				SDKROOT = iphoneos;
			};
			name = Debug;
		};
		18B602EA1F22EF3900B36123 /* Release */ = {
			isa = XCBuildConfiguration;
			buildSettings = {
				ALWAYS_SEARCH_USER_PATHS = NO;
				CLANG_ANALYZER_NONNULL = YES;
				CLANG_ANALYZER_NUMBER_OBJECT_CONVERSION = YES_AGGRESSIVE;
				CLANG_CXX_LANGUAGE_STANDARD = "gnu++0x";
				CLANG_CXX_LIBRARY = "libc++";
				CLANG_ENABLE_MODULES = YES;
				CLANG_ENABLE_OBJC_ARC = YES;
				CLANG_WARN_BOOL_CONVERSION = YES;
				CLANG_WARN_CONSTANT_CONVERSION = YES;
				CLANG_WARN_DIRECT_OBJC_ISA_USAGE = YES_ERROR;
				CLANG_WARN_DOCUMENTATION_COMMENTS = YES;
				CLANG_WARN_EMPTY_BODY = YES;
				CLANG_WARN_ENUM_CONVERSION = YES;
				CLANG_WARN_INFINITE_RECURSION = YES;
				CLANG_WARN_INT_CONVERSION = YES;
				CLANG_WARN_OBJC_ROOT_CLASS = YES_ERROR;
				CLANG_WARN_SUSPICIOUS_MOVE = YES;
				CLANG_WARN_UNREACHABLE_CODE = YES;
				CLANG_WARN__DUPLICATE_METHOD_MATCH = YES;
				"CODE_SIGN_IDENTITY[sdk=iphoneos*]" = "iPhone Developer";
				COPY_PHASE_STRIP = NO;
				DEBUG_INFORMATION_FORMAT = "dwarf-with-dsym";
				ENABLE_NS_ASSERTIONS = NO;
				ENABLE_STRICT_OBJC_MSGSEND = YES;
				GCC_C_LANGUAGE_STANDARD = gnu99;
				GCC_NO_COMMON_BLOCKS = YES;
				GCC_WARN_64_TO_32_BIT_CONVERSION = YES;
				GCC_WARN_ABOUT_RETURN_TYPE = YES_ERROR;
				GCC_WARN_UNDECLARED_SELECTOR = YES;
				GCC_WARN_UNINITIALIZED_AUTOS = YES_AGGRESSIVE;
				GCC_WARN_UNUSED_FUNCTION = YES;
				GCC_WARN_UNUSED_VARIABLE = YES;
				IPHONEOS_DEPLOYMENT_TARGET = 10.3;
				MTL_ENABLE_DEBUG_INFO = NO;
				SDKROOT = iphoneos;
				VALIDATE_PRODUCT = YES;
			};
			name = Release;
		};
		18B602EC1F22EF3900B36123 /* Debug */ = {
			isa = XCBuildConfiguration;
			baseConfigurationReference = 62AFE710E053E9DB90B4CF74 /* Pods-Daren_travel.debug.xcconfig */;
			buildSettings = {
				ASSETCATALOG_COMPILER_APPICON_NAME = AppIcon;
				DEVELOPMENT_TEAM = VE6WGW6QF6;
				GCC_PRECOMPILE_PREFIX_HEADER = YES;
				GCC_PREFIX_HEADER = "/Users/apple/Desktop/达人出行/Daren_travel/Header.h";
				INFOPLIST_FILE = Daren_travel/Info.plist;
				LD_RUNPATH_SEARCH_PATHS = "$(inherited) @executable_path/Frameworks";
				PRODUCT_BUNDLE_IDENTIFIER = "com.HuaRun.www.Daren-travel";
				PRODUCT_NAME = "$(TARGET_NAME)";
			};
			name = Debug;
		};
		18B602ED1F22EF3900B36123 /* Release */ = {
			isa = XCBuildConfiguration;
			baseConfigurationReference = 0E54509092385884AE8AF9C4 /* Pods-Daren_travel.release.xcconfig */;
			buildSettings = {
				ASSETCATALOG_COMPILER_APPICON_NAME = AppIcon;
				DEVELOPMENT_TEAM = VE6WGW6QF6;
				GCC_PRECOMPILE_PREFIX_HEADER = YES;
				GCC_PREFIX_HEADER = "/Users/apple/Desktop/达人出行/Daren_travel/Header.h";
				INFOPLIST_FILE = Daren_travel/Info.plist;
				LD_RUNPATH_SEARCH_PATHS = "$(inherited) @executable_path/Frameworks";
				PRODUCT_BUNDLE_IDENTIFIER = "com.HuaRun.www.Daren-travel";
				PRODUCT_NAME = "$(TARGET_NAME)";
			};
			name = Release;
		};
		18B602EF1F22EF3900B36123 /* Debug */ = {
			isa = XCBuildConfiguration;
			buildSettings = {
				BUNDLE_LOADER = "$(TEST_HOST)";
				INFOPLIST_FILE = Daren_travelTests/Info.plist;
				LD_RUNPATH_SEARCH_PATHS = "$(inherited) @executable_path/Frameworks @loader_path/Frameworks";
				PRODUCT_BUNDLE_IDENTIFIER = "com.HuaRun.www.Daren-travelTests";
				PRODUCT_NAME = "$(TARGET_NAME)";
				TEST_HOST = "$(BUILT_PRODUCTS_DIR)/Daren_travel.app/Daren_travel";
			};
			name = Debug;
		};
		18B602F01F22EF3900B36123 /* Release */ = {
			isa = XCBuildConfiguration;
			buildSettings = {
				BUNDLE_LOADER = "$(TEST_HOST)";
				INFOPLIST_FILE = Daren_travelTests/Info.plist;
				LD_RUNPATH_SEARCH_PATHS = "$(inherited) @executable_path/Frameworks @loader_path/Frameworks";
				PRODUCT_BUNDLE_IDENTIFIER = "com.HuaRun.www.Daren-travelTests";
				PRODUCT_NAME = "$(TARGET_NAME)";
				TEST_HOST = "$(BUILT_PRODUCTS_DIR)/Daren_travel.app/Daren_travel";
			};
			name = Release;
		};
		18B602F21F22EF3900B36123 /* Debug */ = {
			isa = XCBuildConfiguration;
			buildSettings = {
				INFOPLIST_FILE = Daren_travelUITests/Info.plist;
				LD_RUNPATH_SEARCH_PATHS = "$(inherited) @executable_path/Frameworks @loader_path/Frameworks";
				PRODUCT_BUNDLE_IDENTIFIER = "com.HuaRun.www.Daren-travelUITests";
				PRODUCT_NAME = "$(TARGET_NAME)";
				TEST_TARGET_NAME = Daren_travel;
			};
			name = Debug;
		};
		18B602F31F22EF3900B36123 /* Release */ = {
			isa = XCBuildConfiguration;
			buildSettings = {
				INFOPLIST_FILE = Daren_travelUITests/Info.plist;
				LD_RUNPATH_SEARCH_PATHS = "$(inherited) @executable_path/Frameworks @loader_path/Frameworks";
				PRODUCT_BUNDLE_IDENTIFIER = "com.HuaRun.www.Daren-travelUITests";
				PRODUCT_NAME = "$(TARGET_NAME)";
				TEST_TARGET_NAME = Daren_travel;
			};
			name = Release;
		};
/* End XCBuildConfiguration section */

/* Begin XCConfigurationList section */
		18B602B91F22EF3900B36123 /* Build configuration list for PBXProject "Daren_travel" */ = {
			isa = XCConfigurationList;
			buildConfigurations = (
				18B602E91F22EF3900B36123 /* Debug */,
				18B602EA1F22EF3900B36123 /* Release */,
			);
			defaultConfigurationIsVisible = 0;
			defaultConfigurationName = Release;
		};
		18B602EB1F22EF3900B36123 /* Build configuration list for PBXNativeTarget "Daren_travel" */ = {
			isa = XCConfigurationList;
			buildConfigurations = (
				18B602EC1F22EF3900B36123 /* Debug */,
				18B602ED1F22EF3900B36123 /* Release */,
			);
			defaultConfigurationIsVisible = 0;
			defaultConfigurationName = Release;
		};
		18B602EE1F22EF3900B36123 /* Build configuration list for PBXNativeTarget "Daren_travelTests" */ = {
			isa = XCConfigurationList;
			buildConfigurations = (
				18B602EF1F22EF3900B36123 /* Debug */,
				18B602F01F22EF3900B36123 /* Release */,
			);
			defaultConfigurationIsVisible = 0;
			defaultConfigurationName = Release;
		};
		18B602F11F22EF3900B36123 /* Build configuration list for PBXNativeTarget "Daren_travelUITests" */ = {
			isa = XCConfigurationList;
			buildConfigurations = (
				18B602F21F22EF3900B36123 /* Debug */,
				18B602F31F22EF3900B36123 /* Release */,
			);
			defaultConfigurationIsVisible = 0;
			defaultConfigurationName = Release;
		};
/* End XCConfigurationList section */
	};
	rootObject = 18B602B61F22EF3900B36123 /* Project object */;
}
